
Microsoft Visual Studio Solution File, Format Version 12.00
# Visual Studio Version 17
VisualStudioVersion = 17.2.32616.157
MinimumVisualStudioVersion = 10.0.40219.1
Project("{9A19103F-16F7-4668-BE54-9A1E7A4F7556}") = "WoodyBooks", "WoodyBooks.csproj", "{7BC5C5FC-F83C-4465-9208-B1F8D4F75E3D}"
EndProject
Project("{FAE04EC0-301F-11D3-BF4B-00C04F79EFBC}") = "WoodyBook.DataAccess", "..\WoodyBook.DataAccess\WoodyBook.DataAccess.csproj", "{9BDB37DC-D8A0-40C5-929B-2DDF12684BB3}"
EndProject
Project("{FAE04EC0-301F-11D3-BF4B-00C04F79EFBC}") = "WoodyBook.Model", "..\WoodyBooks.Model\WoodyBook.Model.csproj", "{495C9F85-6E47-4074-BE4E-1D319B0DD171}"
EndProject
Project("{FAE04EC0-301F-11D3-BF4B-00C04F79EFBC}") = "WoodyBook.Utility", "..\WoodyBooks.Utility\WoodyBook.Utility.csproj", "{23DDABE2-2379-4536-9276-75D2083B1AC2}"
EndProject
Global
	GlobalSection(SolutionConfigurationPlatforms) = preSolution
		Debug|Any CPU = Debug|Any CPU
		Release|Any CPU = Release|Any CPU
	EndGlobalSection
	GlobalSection(ProjectConfigurationPlatforms) = postSolution
		{7BC5C5FC-F83C-4465-9208-B1F8D4F75E3D}.Debug|Any CPU.ActiveCfg = Debug|Any CPU
		{7BC5C5FC-F83C-4465-9208-B1F8D4F75E3D}.Debug|Any CPU.Build.0 = Debug|Any CPU
		{7BC5C5FC-F83C-4465-9208-B1F8D4F75E3D}.Release|Any CPU.ActiveCfg = Release|Any CPU
		{7BC5C5FC-F83C-4465-9208-B1F8D4F75E3D}.Release|Any CPU.Build.0 = Release|Any CPU
		{9BDB37DC-D8A0-40C5-929B-2DDF12684BB3}.Debug|Any CPU.ActiveCfg = Debug|Any CPU
		{9BDB37DC-D8A0-40C5-929B-2DDF12684BB3}.Debug|Any CPU.Build.0 = Debug|Any CPU
		{9BDB37DC-D8A0-40C5-929B-2DDF12684BB3}.Release|Any CPU.ActiveCfg = Release|Any CPU
		{9BDB37DC-D8A0-40C5-929B-2DDF12684BB3}.Release|Any CPU.Build.0 = Release|Any CPU
		{495C9F85-6E47-4074-BE4E-1D319B0DD171}.Debug|Any CPU.ActiveCfg = Debug|Any CPU
		{495C9F85-6E47-4074-BE4E-1D319B0DD171}.Debug|Any CPU.Build.0 = Debug|Any CPU
		{495C9F85-6E47-4074-BE4E-1D319B0DD171}.Release|Any CPU.ActiveCfg = Release|Any CPU
		{495C9F85-6E47-4074-BE4E-1D319B0DD171}.Release|Any CPU.Build.0 = Release|Any CPU
		{23DDABE2-2379-4536-9276-75D2083B1AC2}.Debug|Any CPU.ActiveCfg = Debug|Any CPU
		{23DDABE2-2379-4536-9276-75D2083B1AC2}.Debug|Any CPU.Build.0 = Debug|Any CPU
		{23DDABE2-2379-4536-9276-75D2083B1AC2}.Release|Any CPU.ActiveCfg = Release|Any CPU
		{23DDABE2-2379-4536-9276-75D2083B1AC2}.Release|Any CPU.Build.0 = Release|Any CPU
	EndGlobalSection
	GlobalSection(SolutionProperties) = preSolution
		HideSolutionNode = FALSE
	EndGlobalSection
	GlobalSection(ExtensibilityGlobals) = postSolution
		SolutionGuid = {B8146126-89F6-409F-82B7-8ABD654AA98E}
	EndGlobalSection
EndGlobal
